
Microsoft Visual Studio Solution File, Format Version 12.00
# Visual Studio Version 17
VisualStudioVersion = 17.7.34024.191
MinimumVisualStudioVersion = 10.0.40219.1
Project("{FAE04EC0-301F-11D3-BF4B-00C04F79EFBC}") = "CodingChallengeFinal", "CodingChallengeFinal\CodingChallengeFinal.csproj", "{C17A9128-CA7A-4B86-8559-18ACAFD7723F}"
EndProject
Global
	GlobalSection(SolutionConfigurationPlatforms) = preSolution
		Debug|Any CPU = Debug|Any CPU
		Release|Any CPU = Release|Any CPU
	EndGlobalSection
	GlobalSection(ProjectConfigurationPlatforms) = postSolution
		{C17A9128-CA7A-4B86-8559-18ACAFD7723F}.Debug|Any CPU.ActiveCfg = Debug|Any CPU
		{C17A9128-CA7A-4B86-8559-18ACAFD7723F}.Debug|Any CPU.Build.0 = Debug|Any CPU
		{C17A9128-CA7A-4B86-8559-18ACAFD7723F}.Release|Any CPU.ActiveCfg = Release|Any CPU
		{C17A9128-CA7A-4B86-8559-18ACAFD7723F}.Release|Any CPU.Build.0 = Release|Any CPU
	EndGlobalSection
	GlobalSection(SolutionProperties) = preSolution
		HideSolutionNode = FALSE
	EndGlobalSection
	GlobalSection(ExtensibilityGlobals) = postSolution
		SolutionGuid = {4B588AF7-AC0D-49A8-88C1-9C17F148E730}
	EndGlobalSection
EndGlobal
